
Microsoft Visual Studio Solution File, Format Version 12.00
# Visual Studio Version 17
VisualStudioVersion = 17.5.2.0
MinimumVisualStudioVersion = 10.0.40219.1
Project("{FAE04EC0-301F-11D3-BF4B-00C04F79EFBC}") = "dio-courses-dotnet-ia", "dio-courses-dotnet-ia.csproj", "{F4E05165-760F-466A-EA79-ECDEA5C08E69}"
EndProject
Project("{FAE04EC0-301F-11D3-BF4B-00C04F79EFBC}") = "dio-courses-dotnet-ia.Common", "dio-courses-dotnet-ia.Common\dio-courses-dotnet-ia.Common.csproj", "{4D3D7B38-4152-4407-9651-93F8D9D22E46}"
EndProject
Global
	GlobalSection(SolutionConfigurationPlatforms) = preSolution
		Debug|Any CPU = Debug|Any CPU
		Debug|x64 = Debug|x64
		Debug|x86 = Debug|x86
		Release|Any CPU = Release|Any CPU
		Release|x64 = Release|x64
		Release|x86 = Release|x86
	EndGlobalSection
	GlobalSection(ProjectConfigurationPlatforms) = postSolution
		{F4E05165-760F-466A-EA79-ECDEA5C08E69}.Debug|Any CPU.ActiveCfg = Debug|Any CPU
		{F4E05165-760F-466A-EA79-ECDEA5C08E69}.Debug|Any CPU.Build.0 = Debug|Any CPU
		{F4E05165-760F-466A-EA79-ECDEA5C08E69}.Debug|x64.ActiveCfg = Debug|Any CPU
		{F4E05165-760F-466A-EA79-ECDEA5C08E69}.Debug|x64.Build.0 = Debug|Any CPU
		{F4E05165-760F-466A-EA79-ECDEA5C08E69}.Debug|x86.ActiveCfg = Debug|Any CPU
		{F4E05165-760F-466A-EA79-ECDEA5C08E69}.Debug|x86.Build.0 = Debug|Any CPU
		{F4E05165-760F-466A-EA79-ECDEA5C08E69}.Release|Any CPU.ActiveCfg = Release|Any CPU
		{F4E05165-760F-466A-EA79-ECDEA5C08E69}.Release|Any CPU.Build.0 = Release|Any CPU
		{F4E05165-760F-466A-EA79-ECDEA5C08E69}.Release|x64.ActiveCfg = Release|Any CPU
		{F4E05165-760F-466A-EA79-ECDEA5C08E69}.Release|x64.Build.0 = Release|Any CPU
		{F4E05165-760F-466A-EA79-ECDEA5C08E69}.Release|x86.ActiveCfg = Release|Any CPU
		{F4E05165-760F-466A-EA79-ECDEA5C08E69}.Release|x86.Build.0 = Release|Any CPU
		{4D3D7B38-4152-4407-9651-93F8D9D22E46}.Debug|Any CPU.ActiveCfg = Debug|Any CPU
		{4D3D7B38-4152-4407-9651-93F8D9D22E46}.Debug|Any CPU.Build.0 = Debug|Any CPU
		{4D3D7B38-4152-4407-9651-93F8D9D22E46}.Debug|x64.ActiveCfg = Debug|Any CPU
		{4D3D7B38-4152-4407-9651-93F8D9D22E46}.Debug|x64.Build.0 = Debug|Any CPU
		{4D3D7B38-4152-4407-9651-93F8D9D22E46}.Debug|x86.ActiveCfg = Debug|Any CPU
		{4D3D7B38-4152-4407-9651-93F8D9D22E46}.Debug|x86.Build.0 = Debug|Any CPU
		{4D3D7B38-4152-4407-9651-93F8D9D22E46}.Release|Any CPU.ActiveCfg = Release|Any CPU
		{4D3D7B38-4152-4407-9651-93F8D9D22E46}.Release|Any CPU.Build.0 = Release|Any CPU
		{4D3D7B38-4152-4407-9651-93F8D9D22E46}.Release|x64.ActiveCfg = Release|Any CPU
		{4D3D7B38-4152-4407-9651-93F8D9D22E46}.Release|x64.Build.0 = Release|Any CPU
		{4D3D7B38-4152-4407-9651-93F8D9D22E46}.Release|x86.ActiveCfg = Release|Any CPU
		{4D3D7B38-4152-4407-9651-93F8D9D22E46}.Release|x86.Build.0 = Release|Any CPU
	EndGlobalSection
	GlobalSection(SolutionProperties) = preSolution
		HideSolutionNode = FALSE
	EndGlobalSection
	GlobalSection(ExtensibilityGlobals) = postSolution
		SolutionGuid = {DAE1A144-57D8-483E-B361-0C742868E233}
	EndGlobalSection
EndGlobal
