
Microsoft Visual Studio Solution File, Format Version 12.00
# Visual Studio Version 17
VisualStudioVersion = 17.0.31903.59
MinimumVisualStudioVersion = 10.0.40219.1
Project("{2150E333-8FDC-42A3-9474-1A3956D46DE8}") = "Api", "Api", "{D82C56D6-B2CD-F611-9E31-04638F7EC30E}"
EndProject
Project("{FAE04EC0-301F-11D3-BF4B-00C04F79EFBC}") = "minimal-api", "Api\minimal-api.csproj", "{BA83F9A6-3814-4735-8528-49A2CD70C8C6}"
EndProject
Project("{FAE04EC0-301F-11D3-BF4B-00C04F79EFBC}") = "Test", "Test\Test.csproj", "{6709243D-F7C6-401E-A0A5-437685CFAAB2}"
EndProject
Global
	GlobalSection(SolutionConfigurationPlatforms) = preSolution
		Debug|Any CPU = Debug|Any CPU
		Debug|x64 = Debug|x64
		Debug|x86 = Debug|x86
		Release|Any CPU = Release|Any CPU
		Release|x64 = Release|x64
		Release|x86 = Release|x86
	EndGlobalSection
	GlobalSection(ProjectConfigurationPlatforms) = postSolution
		{BA83F9A6-3814-4735-8528-49A2CD70C8C6}.Debug|Any CPU.ActiveCfg = Debug|Any CPU
		{BA83F9A6-3814-4735-8528-49A2CD70C8C6}.Debug|Any CPU.Build.0 = Debug|Any CPU
		{BA83F9A6-3814-4735-8528-49A2CD70C8C6}.Debug|x64.ActiveCfg = Debug|Any CPU
		{BA83F9A6-3814-4735-8528-49A2CD70C8C6}.Debug|x64.Build.0 = Debug|Any CPU
		{BA83F9A6-3814-4735-8528-49A2CD70C8C6}.Debug|x86.ActiveCfg = Debug|Any CPU
		{BA83F9A6-3814-4735-8528-49A2CD70C8C6}.Debug|x86.Build.0 = Debug|Any CPU
		{BA83F9A6-3814-4735-8528-49A2CD70C8C6}.Release|Any CPU.ActiveCfg = Release|Any CPU
		{BA83F9A6-3814-4735-8528-49A2CD70C8C6}.Release|Any CPU.Build.0 = Release|Any CPU
		{BA83F9A6-3814-4735-8528-49A2CD70C8C6}.Release|x64.ActiveCfg = Release|Any CPU
		{BA83F9A6-3814-4735-8528-49A2CD70C8C6}.Release|x64.Build.0 = Release|Any CPU
		{BA83F9A6-3814-4735-8528-49A2CD70C8C6}.Release|x86.ActiveCfg = Release|Any CPU
		{BA83F9A6-3814-4735-8528-49A2CD70C8C6}.Release|x86.Build.0 = Release|Any CPU
		{6709243D-F7C6-401E-A0A5-437685CFAAB2}.Debug|Any CPU.ActiveCfg = Debug|Any CPU
		{6709243D-F7C6-401E-A0A5-437685CFAAB2}.Debug|Any CPU.Build.0 = Debug|Any CPU
		{6709243D-F7C6-401E-A0A5-437685CFAAB2}.Debug|x64.ActiveCfg = Debug|Any CPU
		{6709243D-F7C6-401E-A0A5-437685CFAAB2}.Debug|x64.Build.0 = Debug|Any CPU
		{6709243D-F7C6-401E-A0A5-437685CFAAB2}.Debug|x86.ActiveCfg = Debug|Any CPU
		{6709243D-F7C6-401E-A0A5-437685CFAAB2}.Debug|x86.Build.0 = Debug|Any CPU
		{6709243D-F7C6-401E-A0A5-437685CFAAB2}.Release|Any CPU.ActiveCfg = Release|Any CPU
		{6709243D-F7C6-401E-A0A5-437685CFAAB2}.Release|Any CPU.Build.0 = Release|Any CPU
		{6709243D-F7C6-401E-A0A5-437685CFAAB2}.Release|x64.ActiveCfg = Release|Any CPU
		{6709243D-F7C6-401E-A0A5-437685CFAAB2}.Release|x64.Build.0 = Release|Any CPU
		{6709243D-F7C6-401E-A0A5-437685CFAAB2}.Release|x86.ActiveCfg = Release|Any CPU
		{6709243D-F7C6-401E-A0A5-437685CFAAB2}.Release|x86.Build.0 = Release|Any CPU
	EndGlobalSection
	GlobalSection(SolutionProperties) = preSolution
		HideSolutionNode = FALSE
	EndGlobalSection
	GlobalSection(NestedProjects) = preSolution
		{BA83F9A6-3814-4735-8528-49A2CD70C8C6} = {D82C56D6-B2CD-F611-9E31-04638F7EC30E}
	EndGlobalSection
EndGlobal
